# This file is automatically @generated by Cargo.
# It is not intended for manual editing.
version = 4

[[package]]
name = "conspire"
version = "0.5.9"
source = "git+https://github.com/mrbuche/conspire.rs.git?rev=39f86b1f0ec85b0c38bfb635cd34c2d5c57d3e26#39f86b1f0ec85b0c38bfb635cd34c2d5c57d3e26"

[[package]]
name = "conspire_jl"
version = "0.1.0"
dependencies = [
 "conspire",
]
