# This file is automatically @generated by Cargo.
# It is not intended for manual editing.
version = 4

[[package]]
name = "conspire"
version = "0.5.11"
source = "git+https://github.com/mrbuche/conspire.rs.git?branch=deps#b499efc61621f419f818a1eefc938859e49242b4"

[[package]]
name = "conspire_jl"
version = "0.1.0"
dependencies = [
 "conspire",
]
