# This file is automatically @generated by Cargo.
# It is not intended for manual editing.
version = 4

[[package]]
name = "conspire"
version = "0.5.12"
source = "git+https://github.com/mrbuche/conspire.rs.git?branch=dev#45cd1156e60d1fa5590ec9c100adb45a1dc80823"

[[package]]
name = "conspire_jl"
version = "0.1.0"
dependencies = [
 "conspire",
]
